
Microsoft Visual Studio Solution File, Format Version 12.00
# Visual Studio Version 17
VisualStudioVersion = 17.8.34601.278
MinimumVisualStudioVersion = 10.0.40219.1
Project("{FAE04EC0-301F-11D3-BF4B-00C04F79EFBC}") = "SimpleSqlQuery", "SimpleSqlQuery\SimpleSqlQuery.csproj", "{90DD7E2D-1F8E-488E-9A25-5067427CA540}"
EndProject
Global
	GlobalSection(SolutionConfigurationPlatforms) = preSolution
		Debug|Any CPU = Debug|Any CPU
		Release|Any CPU = Release|Any CPU
	EndGlobalSection
	GlobalSection(ProjectConfigurationPlatforms) = postSolution
		{90DD7E2D-1F8E-488E-9A25-5067427CA540}.Debug|Any CPU.ActiveCfg = Debug|Any CPU
		{90DD7E2D-1F8E-488E-9A25-5067427CA540}.Debug|Any CPU.Build.0 = Debug|Any CPU
		{90DD7E2D-1F8E-488E-9A25-5067427CA540}.Release|Any CPU.ActiveCfg = Release|Any CPU
		{90DD7E2D-1F8E-488E-9A25-5067427CA540}.Release|Any CPU.Build.0 = Release|Any CPU
	EndGlobalSection
	GlobalSection(SolutionProperties) = preSolution
		HideSolutionNode = FALSE
	EndGlobalSection
	GlobalSection(ExtensibilityGlobals) = postSolution
		SolutionGuid = {B960F582-4E55-47F4-87B7-DE39FC78C185}
	EndGlobalSection
EndGlobal
